{
  "name": "image-rotation-normalizer",
  "version": "1.0.0",
  "lockfileVersion": 1,
  "requires": true,
  "dependencies": {
    "exif-js": {
      "version": "2.1.1",
      "resolved": "https://registry.npmjs.org/exif-js/-/exif-js-2.1.1.tgz",
      "integrity": "sha1-KWLmqmYANApFSyTFLkWLgczx5tY="
    },
    "image-file-rotator": {
      "version": "1.0.0",
      "resolved": "git+https://github.com/Pelagio/ImageFileRotator.git#92fa53c23e0c2cbe055ba86357c3446af290d16c",
      "requires": {
        "exif-js": "2.1.1"
      }
    }
  }
}
